// !$*UTF8*$!
{
	archiveVersion = 1;
	classes = {
	};
	objectVersion = 56;
	objects = {

/* Begin PBXBuildFile section */
		F31BCCFA2B579109001BD9FF /* Character.cpp in Sources */ = {isa = PBXBuildFile; fileRef = F31BCCF62B579109001BD9FF /* Character.cpp */; };
		F31BCCFB2B579109001BD9FF /* Weapon.cpp in Sources */ = {isa = PBXBuildFile; fileRef = F31BCCF72B579109001BD9FF /* Weapon.cpp */; };
		F31BCCFE2B57A8AF001BD9FF /* Player.cpp in Sources */ = {isa = PBXBuildFile; fileRef = F31BCCFC2B57A8AF001BD9FF /* Player.cpp */; };
		F329C9A92B5123550078A42B /* main.cpp in Sources */ = {isa = PBXBuildFile; fileRef = F329C9A82B5123550078A42B /* main.cpp */; };
		F34CD4492B57337B000E64A0 /* Utils.cpp in Sources */ = {isa = PBXBuildFile; fileRef = F34CD4472B57337B000E64A0 /* Utils.cpp */; };
/* End PBXBuildFile section */

/* Begin PBXCopyFilesBuildPhase section */
		F329C9A32B5123550078A42B /* CopyFiles */ = {
			isa = PBXCopyFilesBuildPhase;
			buildActionMask = 2147483647;
			dstPath = /usr/share/man/man1/;
			dstSubfolderSpec = 0;
			files = (
			);
			runOnlyForDeploymentPostprocessing = 1;
		};
/* End PBXCopyFilesBuildPhase section */

/* Begin PBXFileReference section */
		F31BCCF62B579109001BD9FF /* Character.cpp */ = {isa = PBXFileReference; fileEncoding = 4; lastKnownFileType = sourcecode.cpp.cpp; path = Character.cpp; sourceTree = "<group>"; };
		F31BCCF72B579109001BD9FF /* Weapon.cpp */ = {isa = PBXFileReference; fileEncoding = 4; lastKnownFileType = sourcecode.cpp.cpp; path = Weapon.cpp; sourceTree = "<group>"; };
		F31BCCF82B579109001BD9FF /* Character.hpp */ = {isa = PBXFileReference; fileEncoding = 4; lastKnownFileType = sourcecode.cpp.h; path = Character.hpp; sourceTree = "<group>"; };
		F31BCCF92B579109001BD9FF /* Weapon.hpp */ = {isa = PBXFileReference; fileEncoding = 4; lastKnownFileType = sourcecode.cpp.h; path = Weapon.hpp; sourceTree = "<group>"; };
		F31BCCFC2B57A8AF001BD9FF /* Player.cpp */ = {isa = PBXFileReference; lastKnownFileType = sourcecode.cpp.cpp; path = Player.cpp; sourceTree = "<group>"; };
		F31BCCFD2B57A8AF001BD9FF /* Player.hpp */ = {isa = PBXFileReference; lastKnownFileType = sourcecode.cpp.h; path = Player.hpp; sourceTree = "<group>"; };
		F329C9A52B5123550078A42B /* rpgax */ = {isa = PBXFileReference; explicitFileType = "compiled.mach-o.executable"; includeInIndex = 0; path = rpgax; sourceTree = BUILT_PRODUCTS_DIR; };
		F329C9A82B5123550078A42B /* main.cpp */ = {isa = PBXFileReference; lastKnownFileType = sourcecode.cpp.cpp; path = main.cpp; sourceTree = "<group>"; };
		F34CD4472B57337B000E64A0 /* Utils.cpp */ = {isa = PBXFileReference; lastKnownFileType = sourcecode.cpp.cpp; path = Utils.cpp; sourceTree = "<group>"; };
		F34CD4482B57337B000E64A0 /* Utils.hpp */ = {isa = PBXFileReference; lastKnownFileType = sourcecode.cpp.h; path = Utils.hpp; sourceTree = "<group>"; };
/* End PBXFileReference section */

/* Begin PBXFrameworksBuildPhase section */
		F329C9A22B5123550078A42B /* Frameworks */ = {
			isa = PBXFrameworksBuildPhase;
			buildActionMask = 2147483647;
			files = (
			);
			runOnlyForDeploymentPostprocessing = 0;
		};
/* End PBXFrameworksBuildPhase section */

/* Begin PBXGroup section */
		F31BCCF52B579109001BD9FF /* core */ = {
			isa = PBXGroup;
			children = (
				F31BCCF62B579109001BD9FF /* Character.cpp */,
				F31BCCF82B579109001BD9FF /* Character.hpp */,
				F31BCCF72B579109001BD9FF /* Weapon.cpp */,
				F31BCCF92B579109001BD9FF /* Weapon.hpp */,
				F31BCCFC2B57A8AF001BD9FF /* Player.cpp */,
				F31BCCFD2B57A8AF001BD9FF /* Player.hpp */,
			);
			name = core;
			path = rpgax/core;
			sourceTree = SOURCE_ROOT;
		};
		F329C99C2B5123550078A42B = {
			isa = PBXGroup;
			children = (
				F329C9A72B5123550078A42B /* rpgax */,
				F329C9A62B5123550078A42B /* Products */,
			);
			sourceTree = "<group>";
		};
		F329C9A62B5123550078A42B /* Products */ = {
			isa = PBXGroup;
			children = (
				F329C9A52B5123550078A42B /* rpgax */,
			);
			name = Products;
			sourceTree = "<group>";
		};
		F329C9A72B5123550078A42B /* rpgax */ = {
			isa = PBXGroup;
			children = (
				F329C9A82B5123550078A42B /* main.cpp */,
				F34CD4432B573307000E64A0 /* utils */,
				F31BCCF52B579109001BD9FF /* core */,
			);
			path = rpgax;
			sourceTree = "<group>";
		};
		F34CD4432B573307000E64A0 /* utils */ = {
			isa = PBXGroup;
			children = (
				F34CD4472B57337B000E64A0 /* Utils.cpp */,
				F34CD4482B57337B000E64A0 /* Utils.hpp */,
			);
			name = utils;
			path = rpgax/utils;
			sourceTree = SOURCE_ROOT;
		};
/* End PBXGroup section */

/* Begin PBXNativeTarget section */
		F329C9A42B5123550078A42B /* rpgax */ = {
			isa = PBXNativeTarget;
			buildConfigurationList = F329C9AC2B5123550078A42B /* Build configuration list for PBXNativeTarget "rpgax" */;
			buildPhases = (
				F329C9A12B5123550078A42B /* Sources */,
				F329C9A22B5123550078A42B /* Frameworks */,
				F329C9A32B5123550078A42B /* CopyFiles */,
			);
			buildRules = (
			);
			dependencies = (
			);
			name = rpgax;
			productName = rpgax;
			productReference = F329C9A52B5123550078A42B /* rpgax */;
			productType = "com.apple.product-type.tool";
		};
/* End PBXNativeTarget section */

/* Begin PBXProject section */
		F329C99D2B5123550078A42B /* Project object */ = {
			isa = PBXProject;
			attributes = {
				BuildIndependentTargetsInParallel = 1;
				LastUpgradeCheck = 1520;
				TargetAttributes = {
					F329C9A42B5123550078A42B = {
						CreatedOnToolsVersion = 15.2;
					};
				};
			};
			buildConfigurationList = F329C9A02B5123550078A42B /* Build configuration list for PBXProject "rpgax" */;
			compatibilityVersion = "Xcode 14.0";
			developmentRegion = en;
			hasScannedForEncodings = 0;
			knownRegions = (
				en,
				Base,
			);
			mainGroup = F329C99C2B5123550078A42B;
			productRefGroup = F329C9A62B5123550078A42B /* Products */;
			projectDirPath = "";
			projectRoot = "";
			targets = (
				F329C9A42B5123550078A42B /* rpgax */,
			);
		};
/* End PBXProject section */

/* Begin PBXSourcesBuildPhase section */
		F329C9A12B5123550078A42B /* Sources */ = {
			isa = PBXSourcesBuildPhase;
			buildActionMask = 2147483647;
			files = (
				F329C9A92B5123550078A42B /* main.cpp in Sources */,
				F31BCCFB2B579109001BD9FF /* Weapon.cpp in Sources */,
				F34CD4492B57337B000E64A0 /* Utils.cpp in Sources */,
				F31BCCFA2B579109001BD9FF /* Character.cpp in Sources */,
				F31BCCFE2B57A8AF001BD9FF /* Player.cpp in Sources */,
			);
			runOnlyForDeploymentPostprocessing = 0;
		};
/* End PBXSourcesBuildPhase section */

/* Begin XCBuildConfiguration section */
		F329C9AA2B5123550078A42B /* Debug */ = {
			isa = XCBuildConfiguration;
			buildSettings = {
				ALWAYS_SEARCH_USER_PATHS = NO;
				ASSETCATALOG_COMPILER_GENERATE_SWIFT_ASSET_SYMBOL_EXTENSIONS = YES;
				CLANG_ANALYZER_NONNULL = YES;
				CLANG_ANALYZER_NUMBER_OBJECT_CONVERSION = YES_AGGRESSIVE;
				CLANG_CXX_LANGUAGE_STANDARD = "gnu++20";
				CLANG_ENABLE_MODULES = YES;
				CLANG_ENABLE_OBJC_ARC = YES;
				CLANG_ENABLE_OBJC_WEAK = YES;
				CLANG_WARN_BLOCK_CAPTURE_AUTORELEASING = YES;
				CLANG_WARN_BOOL_CONVERSION = YES;
				CLANG_WARN_COMMA = YES;
				CLANG_WARN_CONSTANT_CONVERSION = YES;
				CLANG_WARN_DEPRECATED_OBJC_IMPLEMENTATIONS = YES;
				CLANG_WARN_DIRECT_OBJC_ISA_USAGE = YES_ERROR;
				CLANG_WARN_DOCUMENTATION_COMMENTS = YES;
				CLANG_WARN_EMPTY_BODY = YES;
				CLANG_WARN_ENUM_CONVERSION = YES;
				CLANG_WARN_INFINITE_RECURSION = YES;
				CLANG_WARN_INT_CONVERSION = YES;
				CLANG_WARN_NON_LITERAL_NULL_CONVERSION = YES;
				CLANG_WARN_OBJC_IMPLICIT_RETAIN_SELF = YES;
				CLANG_WARN_OBJC_LITERAL_CONVERSION = YES;
				CLANG_WARN_OBJC_ROOT_CLASS = YES_ERROR;
				CLANG_WARN_QUOTED_INCLUDE_IN_FRAMEWORK_HEADER = YES;
				CLANG_WARN_RANGE_LOOP_ANALYSIS = YES;
				CLANG_WARN_STRICT_PROTOTYPES = YES;
				CLANG_WARN_SUSPICIOUS_MOVE = YES;
				CLANG_WARN_UNGUARDED_AVAILABILITY = YES_AGGRESSIVE;
				CLANG_WARN_UNREACHABLE_CODE = YES;
				CLANG_WARN__DUPLICATE_METHOD_MATCH = YES;
				COPY_PHASE_STRIP = NO;
				DEBUG_INFORMATION_FORMAT = dwarf;
				ENABLE_STRICT_OBJC_MSGSEND = YES;
				ENABLE_TESTABILITY = YES;
				ENABLE_USER_SCRIPT_SANDBOXING = YES;
				GCC_C_LANGUAGE_STANDARD = gnu17;
				GCC_DYNAMIC_NO_PIC = NO;
				GCC_NO_COMMON_BLOCKS = YES;
				GCC_OPTIMIZATION_LEVEL = 0;
				GCC_PREPROCESSOR_DEFINITIONS = (
					"DEBUG=1",
					"$(inherited)",
				);
				GCC_WARN_64_TO_32_BIT_CONVERSION = YES;
				GCC_WARN_ABOUT_RETURN_TYPE = YES_ERROR;
				GCC_WARN_UNDECLARED_SELECTOR = YES;
				GCC_WARN_UNINITIALIZED_AUTOS = YES_AGGRESSIVE;
				GCC_WARN_UNUSED_FUNCTION = YES;
				GCC_WARN_UNUSED_VARIABLE = YES;
				LOCALIZATION_PREFERS_STRING_CATALOGS = YES;
				MACOSX_DEPLOYMENT_TARGET = 14.0;
				MTL_ENABLE_DEBUG_INFO = INCLUDE_SOURCE;
				MTL_FAST_MATH = YES;
				ONLY_ACTIVE_ARCH = YES;
				SDKROOT = macosx;
			};
			name = Debug;
		};
		F329C9AB2B5123550078A42B /* Release */ = {
			isa = XCBuildConfiguration;
			buildSettings = {
				ALWAYS_SEARCH_USER_PATHS = NO;
				ASSETCATALOG_COMPILER_GENERATE_SWIFT_ASSET_SYMBOL_EXTENSIONS = YES;
				CLANG_ANALYZER_NONNULL = YES;
				CLANG_ANALYZER_NUMBER_OBJECT_CONVERSION = YES_AGGRESSIVE;
				CLANG_CXX_LANGUAGE_STANDARD = "gnu++20";
				CLANG_ENABLE_MODULES = YES;
				CLANG_ENABLE_OBJC_ARC = YES;
				CLANG_ENABLE_OBJC_WEAK = YES;
				CLANG_WARN_BLOCK_CAPTURE_AUTORELEASING = YES;
				CLANG_WARN_BOOL_CONVERSION = YES;
				CLANG_WARN_COMMA = YES;
				CLANG_WARN_CONSTANT_CONVERSION = YES;
				CLANG_WARN_DEPRECATED_OBJC_IMPLEMENTATIONS = YES;
				CLANG_WARN_DIRECT_OBJC_ISA_USAGE = YES_ERROR;
				CLANG_WARN_DOCUMENTATION_COMMENTS = YES;
				CLANG_WARN_EMPTY_BODY = YES;
				CLANG_WARN_ENUM_CONVERSION = YES;
				CLANG_WARN_INFINITE_RECURSION = YES;
				CLANG_WARN_INT_CONVERSION = YES;
				CLANG_WARN_NON_LITERAL_NULL_CONVERSION = YES;
				CLANG_WARN_OBJC_IMPLICIT_RETAIN_SELF = YES;
				CLANG_WARN_OBJC_LITERAL_CONVERSION = YES;
				CLANG_WARN_OBJC_ROOT_CLASS = YES_ERROR;
				CLANG_WARN_QUOTED_INCLUDE_IN_FRAMEWORK_HEADER = YES;
				CLANG_WARN_RANGE_LOOP_ANALYSIS = YES;
				CLANG_WARN_STRICT_PROTOTYPES = YES;
				CLANG_WARN_SUSPICIOUS_MOVE = YES;
				CLANG_WARN_UNGUARDED_AVAILABILITY = YES_AGGRESSIVE;
				CLANG_WARN_UNREACHABLE_CODE = YES;
				CLANG_WARN__DUPLICATE_METHOD_MATCH = YES;
				COPY_PHASE_STRIP = NO;
				DEBUG_INFORMATION_FORMAT = "dwarf-with-dsym";
				ENABLE_NS_ASSERTIONS = NO;
				ENABLE_STRICT_OBJC_MSGSEND = YES;
				ENABLE_USER_SCRIPT_SANDBOXING = YES;
				GCC_C_LANGUAGE_STANDARD = gnu17;
				GCC_NO_COMMON_BLOCKS = YES;
				GCC_WARN_64_TO_32_BIT_CONVERSION = YES;
				GCC_WARN_ABOUT_RETURN_TYPE = YES_ERROR;
				GCC_WARN_UNDECLARED_SELECTOR = YES;
				GCC_WARN_UNINITIALIZED_AUTOS = YES_AGGRESSIVE;
				GCC_WARN_UNUSED_FUNCTION = YES;
				GCC_WARN_UNUSED_VARIABLE = YES;
				LOCALIZATION_PREFERS_STRING_CATALOGS = YES;
				MACOSX_DEPLOYMENT_TARGET = 14.0;
				MTL_ENABLE_DEBUG_INFO = NO;
				MTL_FAST_MATH = YES;
				SDKROOT = macosx;
			};
			name = Release;
		};
		F329C9AD2B5123550078A42B /* Debug */ = {
			isa = XCBuildConfiguration;
			buildSettings = {
				CODE_SIGN_STYLE = Automatic;
				PRODUCT_NAME = "$(TARGET_NAME)";
			};
			name = Debug;
		};
		F329C9AE2B5123550078A42B /* Release */ = {
			isa = XCBuildConfiguration;
			buildSettings = {
				CODE_SIGN_STYLE = Automatic;
				PRODUCT_NAME = "$(TARGET_NAME)";
			};
			name = Release;
		};
/* End XCBuildConfiguration section */

/* Begin XCConfigurationList section */
		F329C9A02B5123550078A42B /* Build configuration list for PBXProject "rpgax" */ = {
			isa = XCConfigurationList;
			buildConfigurations = (
				F329C9AA2B5123550078A42B /* Debug */,
				F329C9AB2B5123550078A42B /* Release */,
			);
			defaultConfigurationIsVisible = 0;
			defaultConfigurationName = Release;
		};
		F329C9AC2B5123550078A42B /* Build configuration list for PBXNativeTarget "rpgax" */ = {
			isa = XCConfigurationList;
			buildConfigurations = (
				F329C9AD2B5123550078A42B /* Debug */,
				F329C9AE2B5123550078A42B /* Release */,
			);
			defaultConfigurationIsVisible = 0;
			defaultConfigurationName = Release;
		};
/* End XCConfigurationList section */
	};
	rootObject = F329C99D2B5123550078A42B /* Project object */;
}
